
Microsoft Visual Studio Solution File, Format Version 12.00
# Visual Studio 14
VisualStudioVersion = 14.0.25420.1
MinimumVisualStudioVersion = 10.0.40219.1
Project("{FAE04EC0-301F-11D3-BF4B-00C04F79EFBC}") = "EnviarMail", "EnviarMail\EnviarMail.csproj", "{DDB466C9-C6ED-482C-8A10-0327953BF73E}"
EndProject
Global
	GlobalSection(SolutionConfigurationPlatforms) = preSolution
		Debug|Any CPU = Debug|Any CPU
		Release|Any CPU = Release|Any CPU
	EndGlobalSection
	GlobalSection(ProjectConfigurationPlatforms) = postSolution
		{DDB466C9-C6ED-482C-8A10-0327953BF73E}.Debug|Any CPU.ActiveCfg = Debug|Any CPU
		{DDB466C9-C6ED-482C-8A10-0327953BF73E}.Debug|Any CPU.Build.0 = Debug|Any CPU
		{DDB466C9-C6ED-482C-8A10-0327953BF73E}.Release|Any CPU.ActiveCfg = Release|Any CPU
		{DDB466C9-C6ED-482C-8A10-0327953BF73E}.Release|Any CPU.Build.0 = Release|Any CPU
	EndGlobalSection
	GlobalSection(SolutionProperties) = preSolution
		HideSolutionNode = FALSE
	EndGlobalSection
EndGlobal
